
Microsoft Visual Studio Solution File, Format Version 12.00
# Visual Studio Version 16
VisualStudioVersion = 16.0.30225.117
MinimumVisualStudioVersion = 10.0.40219.1
Project("{FAE04EC0-301F-11D3-BF4B-00C04F79EFBC}") = "ecommerce.api", "ecommerce.api\ecommerce.api.csproj", "{A32647C2-F04E-427D-977A-02CF3C36CDC5}"
EndProject
Project("{FAE04EC0-301F-11D3-BF4B-00C04F79EFBC}") = "ecommerce.data", "ecommerce.data\ecommerce.data.csproj", "{416B5C5C-0247-4C47-B831-7D5672F7E504}"
EndProject
Project("{FAE04EC0-301F-11D3-BF4B-00C04F79EFBC}") = "ecommerce.foundation", "ecommerce.foundation\ecommerce.foundation.csproj", "{24EE2B7C-CA80-428F-9C07-FEDAF1136F4D}"
EndProject
Project("{FAE04EC0-301F-11D3-BF4B-00C04F79EFBC}") = "ecommerce.repo", "ecommerce.repo\ecommerce.repo.csproj", "{97FBBD9B-2F29-411D-AC1E-EAFA4C6E1F4B}"
EndProject
Project("{FAE04EC0-301F-11D3-BF4B-00C04F79EFBC}") = "ecommerce.service", "ecommerce.service\ecommerce.service.csproj", "{882EBAAF-E55D-4E25-A23F-41A1333DF918}"
EndProject
Global
	GlobalSection(SolutionConfigurationPlatforms) = preSolution
		Debug|Any CPU = Debug|Any CPU
		Release|Any CPU = Release|Any CPU
	EndGlobalSection
	GlobalSection(ProjectConfigurationPlatforms) = postSolution
		{A32647C2-F04E-427D-977A-02CF3C36CDC5}.Debug|Any CPU.ActiveCfg = Debug|Any CPU
		{A32647C2-F04E-427D-977A-02CF3C36CDC5}.Debug|Any CPU.Build.0 = Debug|Any CPU
		{A32647C2-F04E-427D-977A-02CF3C36CDC5}.Release|Any CPU.ActiveCfg = Release|Any CPU
		{A32647C2-F04E-427D-977A-02CF3C36CDC5}.Release|Any CPU.Build.0 = Release|Any CPU
		{416B5C5C-0247-4C47-B831-7D5672F7E504}.Debug|Any CPU.ActiveCfg = Debug|Any CPU
		{416B5C5C-0247-4C47-B831-7D5672F7E504}.Debug|Any CPU.Build.0 = Debug|Any CPU
		{416B5C5C-0247-4C47-B831-7D5672F7E504}.Release|Any CPU.ActiveCfg = Release|Any CPU
		{416B5C5C-0247-4C47-B831-7D5672F7E504}.Release|Any CPU.Build.0 = Release|Any CPU
		{24EE2B7C-CA80-428F-9C07-FEDAF1136F4D}.Debug|Any CPU.ActiveCfg = Debug|Any CPU
		{24EE2B7C-CA80-428F-9C07-FEDAF1136F4D}.Debug|Any CPU.Build.0 = Debug|Any CPU
		{24EE2B7C-CA80-428F-9C07-FEDAF1136F4D}.Release|Any CPU.ActiveCfg = Release|Any CPU
		{24EE2B7C-CA80-428F-9C07-FEDAF1136F4D}.Release|Any CPU.Build.0 = Release|Any CPU
		{97FBBD9B-2F29-411D-AC1E-EAFA4C6E1F4B}.Debug|Any CPU.ActiveCfg = Debug|Any CPU
		{97FBBD9B-2F29-411D-AC1E-EAFA4C6E1F4B}.Debug|Any CPU.Build.0 = Debug|Any CPU
		{97FBBD9B-2F29-411D-AC1E-EAFA4C6E1F4B}.Release|Any CPU.ActiveCfg = Release|Any CPU
		{97FBBD9B-2F29-411D-AC1E-EAFA4C6E1F4B}.Release|Any CPU.Build.0 = Release|Any CPU
		{882EBAAF-E55D-4E25-A23F-41A1333DF918}.Debug|Any CPU.ActiveCfg = Debug|Any CPU
		{882EBAAF-E55D-4E25-A23F-41A1333DF918}.Debug|Any CPU.Build.0 = Debug|Any CPU
		{882EBAAF-E55D-4E25-A23F-41A1333DF918}.Release|Any CPU.ActiveCfg = Release|Any CPU
		{882EBAAF-E55D-4E25-A23F-41A1333DF918}.Release|Any CPU.Build.0 = Release|Any CPU
	EndGlobalSection
	GlobalSection(SolutionProperties) = preSolution
		HideSolutionNode = FALSE
	EndGlobalSection
	GlobalSection(ExtensibilityGlobals) = postSolution
		SolutionGuid = {0BCF5AE6-5AD1-460A-939A-A7B79326455B}
	EndGlobalSection
EndGlobal
